
Microsoft Visual Studio Solution File, Format Version 12.00
# Visual Studio Version 17
VisualStudioVersion = 17.7.34024.191
MinimumVisualStudioVersion = 10.0.40219.1
Project("{FAE04EC0-301F-11D3-BF4B-00C04F79EFBC}") = "funkce", "funkce\funkce.csproj", "{417931DD-C005-44FA-954C-F25820FC0C84}"
EndProject
Global
	GlobalSection(SolutionConfigurationPlatforms) = preSolution
		Debug|Any CPU = Debug|Any CPU
		Release|Any CPU = Release|Any CPU
	EndGlobalSection
	GlobalSection(ProjectConfigurationPlatforms) = postSolution
		{417931DD-C005-44FA-954C-F25820FC0C84}.Debug|Any CPU.ActiveCfg = Debug|Any CPU
		{417931DD-C005-44FA-954C-F25820FC0C84}.Debug|Any CPU.Build.0 = Debug|Any CPU
		{417931DD-C005-44FA-954C-F25820FC0C84}.Release|Any CPU.ActiveCfg = Release|Any CPU
		{417931DD-C005-44FA-954C-F25820FC0C84}.Release|Any CPU.Build.0 = Release|Any CPU
	EndGlobalSection
	GlobalSection(SolutionProperties) = preSolution
		HideSolutionNode = FALSE
	EndGlobalSection
	GlobalSection(ExtensibilityGlobals) = postSolution
		SolutionGuid = {0084F1CC-8AED-4B8D-B379-8FEE08876682}
	EndGlobalSection
EndGlobal
