
Microsoft Visual Studio Solution File, Format Version 12.00
# Visual Studio Version 17
VisualStudioVersion = 17.7.34024.191
MinimumVisualStudioVersion = 10.0.40219.1
Project("{FAE04EC0-301F-11D3-BF4B-00C04F79EFBC}") = "kvadratická rovnice1", "kvadratická rovnice1\kvadratická rovnice1.csproj", "{16DE0B95-05B1-4B3E-9B2E-3A0B9E00B389}"
EndProject
Global
	GlobalSection(SolutionConfigurationPlatforms) = preSolution
		Debug|Any CPU = Debug|Any CPU
		Release|Any CPU = Release|Any CPU
	EndGlobalSection
	GlobalSection(ProjectConfigurationPlatforms) = postSolution
		{16DE0B95-05B1-4B3E-9B2E-3A0B9E00B389}.Debug|Any CPU.ActiveCfg = Debug|Any CPU
		{16DE0B95-05B1-4B3E-9B2E-3A0B9E00B389}.Debug|Any CPU.Build.0 = Debug|Any CPU
		{16DE0B95-05B1-4B3E-9B2E-3A0B9E00B389}.Release|Any CPU.ActiveCfg = Release|Any CPU
		{16DE0B95-05B1-4B3E-9B2E-3A0B9E00B389}.Release|Any CPU.Build.0 = Release|Any CPU
	EndGlobalSection
	GlobalSection(SolutionProperties) = preSolution
		HideSolutionNode = FALSE
	EndGlobalSection
	GlobalSection(ExtensibilityGlobals) = postSolution
		SolutionGuid = {FFB263A9-686D-466C-9128-32C7C995AE59}
	EndGlobalSection
EndGlobal
