
Microsoft Visual Studio Solution File, Format Version 12.00
# Visual Studio Version 17
VisualStudioVersion = 17.7.34031.279
MinimumVisualStudioVersion = 10.0.40219.1
Project("{FAE04EC0-301F-11D3-BF4B-00C04F79EFBC}") = "produkty úkol", "produkty úkol\produkty úkol.csproj", "{8FCB250B-D225-4257-A172-2AE2DE9D7589}"
EndProject
Global
	GlobalSection(SolutionConfigurationPlatforms) = preSolution
		Debug|Any CPU = Debug|Any CPU
		Release|Any CPU = Release|Any CPU
	EndGlobalSection
	GlobalSection(ProjectConfigurationPlatforms) = postSolution
		{8FCB250B-D225-4257-A172-2AE2DE9D7589}.Debug|Any CPU.ActiveCfg = Debug|Any CPU
		{8FCB250B-D225-4257-A172-2AE2DE9D7589}.Debug|Any CPU.Build.0 = Debug|Any CPU
		{8FCB250B-D225-4257-A172-2AE2DE9D7589}.Release|Any CPU.ActiveCfg = Release|Any CPU
		{8FCB250B-D225-4257-A172-2AE2DE9D7589}.Release|Any CPU.Build.0 = Release|Any CPU
	EndGlobalSection
	GlobalSection(SolutionProperties) = preSolution
		HideSolutionNode = FALSE
	EndGlobalSection
	GlobalSection(ExtensibilityGlobals) = postSolution
		SolutionGuid = {79D00651-C593-42D4-B89D-4C5973513C2D}
	EndGlobalSection
EndGlobal
